
Microsoft Visual Studio Solution File, Format Version 12.00
# Visual Studio Version 16
VisualStudioVersion = 16.0.32106.194
MinimumVisualStudioVersion = 10.0.40219.1
Project("{FAE04EC0-301F-11D3-BF4B-00C04F79EFBC}") = "KstempowskiTest", "KstempowskiTest\KstempowskiTest.csproj", "{D07EAAC7-24B2-4CCF-BF1B-435BC3F15ED4}"
EndProject
Global
	GlobalSection(SolutionConfigurationPlatforms) = preSolution
		Debug|Any CPU = Debug|Any CPU
		Release|Any CPU = Release|Any CPU
	EndGlobalSection
	GlobalSection(ProjectConfigurationPlatforms) = postSolution
		{D07EAAC7-24B2-4CCF-BF1B-435BC3F15ED4}.Debug|Any CPU.ActiveCfg = Debug|Any CPU
		{D07EAAC7-24B2-4CCF-BF1B-435BC3F15ED4}.Debug|Any CPU.Build.0 = Debug|Any CPU
		{D07EAAC7-24B2-4CCF-BF1B-435BC3F15ED4}.Release|Any CPU.ActiveCfg = Release|Any CPU
		{D07EAAC7-24B2-4CCF-BF1B-435BC3F15ED4}.Release|Any CPU.Build.0 = Release|Any CPU
	EndGlobalSection
	GlobalSection(SolutionProperties) = preSolution
		HideSolutionNode = FALSE
	EndGlobalSection
	GlobalSection(ExtensibilityGlobals) = postSolution
		SolutionGuid = {3E0FC38D-9DD8-4B96-8665-68BE1ED0B80F}
	EndGlobalSection
EndGlobal
